{
  "object": {
    "pins": [
      {
        "package": "swift-argument-parser",
        "repositoryURL": "https://github.com/apple/swift-argument-parser",
        "state": {
          "branch": null,
          "revision": "223d62adc52d51669ae2ee19bdb8b7d9fd6fcd9c",
          "version": "0.0.6"
        }
      },
      {
        "package": "TextTable",
        "repositoryURL": "https://github.com/mattpolzin/TextTable.git",
        "state": {
          "branch": "swift-5",
          "revision": "536620625e75905a7d8ad457803e744656a1023b",
          "version": null
        }
      }
    ]
  },
  "version": 1
}
