{
  "object": {
    "pins": [
      {
        "package": "Regex",
        "repositoryURL": "https://github.com/sharplet/Regex.git",
        "state": {
          "branch": null,
          "revision": "76c2b73d4281d77fc3118391877efd1bf972f515",
          "version": "2.1.1"
        }
      },
      {
        "package": "swift-argument-parser",
        "repositoryURL": "https://github.com/apple/swift-argument-parser",
        "state": {
          "branch": null,
          "revision": "e394bf350e38cb100b6bc4172834770ede1b7232",
          "version": "1.0.3"
        }
      },
      {
        "package": "TextTable",
        "repositoryURL": "https://github.com/mattpolzin/TextTable.git",
        "state": {
          "branch": "swift-5",
          "revision": "536620625e75905a7d8ad457803e744656a1023b",
          "version": null
        }
      }
    ]
  },
  "version": 1
}
